
Microsoft Visual Studio Solution File, Format Version 12.00
# Visual Studio 14
VisualStudioVersion = 14.0.25420.1
MinimumVisualStudioVersion = 10.0.40219.1
Project("{8BC9CEB8-8B4A-11D0-8D11-00A0C91BC942}") = "lua51", "lua51\lua51.vcxproj", "{A819DB6E-99B1-458C-B395-5D3799C3DDAB}"
EndProject
Project("{8BC9CEB8-8B4A-11D0-8D11-00A0C91BC942}") = "VMTest", "VMTest\VMTest.vcxproj", "{FDD0325E-D043-4C2E-A2BD-62477C94B5DB}"
	ProjectSection(ProjectDependencies) = postProject
		{24570024-DEFD-4485-BA8B-BA714DF28BEF} = {24570024-DEFD-4485-BA8B-BA714DF28BEF}
	EndProjectSection
EndProject
Project("{8BC9CEB8-8B4A-11D0-8D11-00A0C91BC942}") = "VM", "VM\VM.vcxproj", "{24570024-DEFD-4485-BA8B-BA714DF28BEF}"
	ProjectSection(ProjectDependencies) = postProject
		{A819DB6E-99B1-458C-B395-5D3799C3DDAB} = {A819DB6E-99B1-458C-B395-5D3799C3DDAB}
	EndProjectSection
EndProject
Global
	GlobalSection(SolutionConfigurationPlatforms) = preSolution
		Debug|Win32 = Debug|Win32
		Debug|x64 = Debug|x64
		Debug|x86 = Debug|x86
		Release|Win32 = Release|Win32
		Release|x64 = Release|x64
		Release|x86 = Release|x86
	EndGlobalSection
	GlobalSection(ProjectConfigurationPlatforms) = postSolution
		{A819DB6E-99B1-458C-B395-5D3799C3DDAB}.Debug|Win32.ActiveCfg = Debug|Win32
		{A819DB6E-99B1-458C-B395-5D3799C3DDAB}.Debug|Win32.Build.0 = Debug|Win32
		{A819DB6E-99B1-458C-B395-5D3799C3DDAB}.Debug|x64.ActiveCfg = Debug|Win32
		{A819DB6E-99B1-458C-B395-5D3799C3DDAB}.Debug|x64.Build.0 = Debug|Win32
		{A819DB6E-99B1-458C-B395-5D3799C3DDAB}.Debug|x86.ActiveCfg = Debug|Win32
		{A819DB6E-99B1-458C-B395-5D3799C3DDAB}.Debug|x86.Build.0 = Debug|Win32
		{A819DB6E-99B1-458C-B395-5D3799C3DDAB}.Release|Win32.ActiveCfg = Release|Win32
		{A819DB6E-99B1-458C-B395-5D3799C3DDAB}.Release|Win32.Build.0 = Release|Win32
		{A819DB6E-99B1-458C-B395-5D3799C3DDAB}.Release|x64.ActiveCfg = Release|x64
		{A819DB6E-99B1-458C-B395-5D3799C3DDAB}.Release|x64.Build.0 = Release|x64
		{A819DB6E-99B1-458C-B395-5D3799C3DDAB}.Release|x86.ActiveCfg = Release|Win32
		{A819DB6E-99B1-458C-B395-5D3799C3DDAB}.Release|x86.Build.0 = Release|Win32
		{FDD0325E-D043-4C2E-A2BD-62477C94B5DB}.Debug|Win32.ActiveCfg = Debug|Win32
		{FDD0325E-D043-4C2E-A2BD-62477C94B5DB}.Debug|Win32.Build.0 = Debug|Win32
		{FDD0325E-D043-4C2E-A2BD-62477C94B5DB}.Debug|x64.ActiveCfg = Debug|Win32
		{FDD0325E-D043-4C2E-A2BD-62477C94B5DB}.Debug|x64.Build.0 = Debug|Win32
		{FDD0325E-D043-4C2E-A2BD-62477C94B5DB}.Debug|x86.ActiveCfg = Debug|Win32
		{FDD0325E-D043-4C2E-A2BD-62477C94B5DB}.Debug|x86.Build.0 = Debug|Win32
		{FDD0325E-D043-4C2E-A2BD-62477C94B5DB}.Release|Win32.ActiveCfg = Release|Win32
		{FDD0325E-D043-4C2E-A2BD-62477C94B5DB}.Release|Win32.Build.0 = Release|Win32
		{FDD0325E-D043-4C2E-A2BD-62477C94B5DB}.Release|x64.ActiveCfg = Release|x64
		{FDD0325E-D043-4C2E-A2BD-62477C94B5DB}.Release|x64.Build.0 = Release|x64
		{FDD0325E-D043-4C2E-A2BD-62477C94B5DB}.Release|x86.ActiveCfg = Release|Win32
		{FDD0325E-D043-4C2E-A2BD-62477C94B5DB}.Release|x86.Build.0 = Release|Win32
		{24570024-DEFD-4485-BA8B-BA714DF28BEF}.Debug|Win32.ActiveCfg = Debug|Win32
		{24570024-DEFD-4485-BA8B-BA714DF28BEF}.Debug|Win32.Build.0 = Debug|Win32
		{24570024-DEFD-4485-BA8B-BA714DF28BEF}.Debug|x64.ActiveCfg = Debug|Win32
		{24570024-DEFD-4485-BA8B-BA714DF28BEF}.Debug|x64.Build.0 = Debug|Win32
		{24570024-DEFD-4485-BA8B-BA714DF28BEF}.Debug|x86.ActiveCfg = Debug|Win32
		{24570024-DEFD-4485-BA8B-BA714DF28BEF}.Debug|x86.Build.0 = Debug|Win32
		{24570024-DEFD-4485-BA8B-BA714DF28BEF}.Release|Win32.ActiveCfg = Release|Win32
		{24570024-DEFD-4485-BA8B-BA714DF28BEF}.Release|Win32.Build.0 = Release|Win32
		{24570024-DEFD-4485-BA8B-BA714DF28BEF}.Release|x64.ActiveCfg = Release|x64
		{24570024-DEFD-4485-BA8B-BA714DF28BEF}.Release|x64.Build.0 = Release|x64
		{24570024-DEFD-4485-BA8B-BA714DF28BEF}.Release|x86.ActiveCfg = Release|Win32
		{24570024-DEFD-4485-BA8B-BA714DF28BEF}.Release|x86.Build.0 = Release|Win32
	EndGlobalSection
	GlobalSection(SolutionProperties) = preSolution
		HideSolutionNode = FALSE
	EndGlobalSection
EndGlobal
